
Microsoft Visual Studio Solution File, Format Version 12.00
# Visual Studio Version 16
VisualStudioVersion = 25.0.1706.7
MinimumVisualStudioVersion = 10.0.40219.1
Project("{FAE04EC0-301F-11D3-BF4B-00C04F79EFBC}") = "OnlineShop_4M", "OnlineShop_4M\OnlineShop_4M.csproj", "{8C3DCBE2-41EF-46F0-AE3C-21C1AD1210B7}"
EndProject
Project("{FAE04EC0-301F-11D3-BF4B-00C04F79EFBC}") = "OnlineShop_4M_Utility", "OnlineShop_4M_Utility\OnlineShop_4M_Utility.csproj", "{DF0D80FA-461D-4C1C-AA25-E35318B2A05C}"
EndProject
Project("{2150E333-8FDC-42A3-9474-1A3956D46DE8}") = "Solution Items", "Solution Items", "{1E63B5E8-6E07-44F1-A751-6B355B7ED019}"
	ProjectSection(SolutionItems) = preProject
		.gitignore = .gitignore
	EndProjectSection
EndProject
Global
	GlobalSection(SolutionConfigurationPlatforms) = preSolution
		Debug|Any CPU = Debug|Any CPU
		Release|Any CPU = Release|Any CPU
	EndGlobalSection
	GlobalSection(ProjectConfigurationPlatforms) = postSolution
		{8C3DCBE2-41EF-46F0-AE3C-21C1AD1210B7}.Debug|Any CPU.ActiveCfg = Debug|Any CPU
		{8C3DCBE2-41EF-46F0-AE3C-21C1AD1210B7}.Debug|Any CPU.Build.0 = Debug|Any CPU
		{8C3DCBE2-41EF-46F0-AE3C-21C1AD1210B7}.Release|Any CPU.ActiveCfg = Release|Any CPU
		{8C3DCBE2-41EF-46F0-AE3C-21C1AD1210B7}.Release|Any CPU.Build.0 = Release|Any CPU
		{DF0D80FA-461D-4C1C-AA25-E35318B2A05C}.Debug|Any CPU.ActiveCfg = Debug|Any CPU
		{DF0D80FA-461D-4C1C-AA25-E35318B2A05C}.Debug|Any CPU.Build.0 = Debug|Any CPU
		{DF0D80FA-461D-4C1C-AA25-E35318B2A05C}.Release|Any CPU.ActiveCfg = Release|Any CPU
		{DF0D80FA-461D-4C1C-AA25-E35318B2A05C}.Release|Any CPU.Build.0 = Release|Any CPU
	EndGlobalSection
	GlobalSection(SolutionProperties) = preSolution
		HideSolutionNode = FALSE
	EndGlobalSection
	GlobalSection(ExtensibilityGlobals) = postSolution
		SolutionGuid = {4D91A8A7-3CEA-48E1-AF77-6A63B452DB59}
	EndGlobalSection
EndGlobal
